{
  "version": "5",
  "specifiers": {
    "jsr:@std/assert@*": "1.0.16",
    "jsr:@std/internal@^1.0.12": "1.0.12",
    "npm:@electric-sql/pglite@~0.3.14": "0.3.14",
    "npm:drizzle-orm@~0.45.1": "0.45.1_@electric-sql+pglite@0.3.14_postgres@3.4.8",
    "npm:drizzle-zod@~0.8.3": "0.8.3_drizzle-orm@0.45.1__@electric-sql+pglite@0.3.14__postgres@3.4.8_zod@4.3.5_@electric-sql+pglite@0.3.14_postgres@3.4.8",
    "npm:postgres@^3.4.8": "3.4.8",
    "npm:zod@^4.3.5": "4.3.5"
  },
  "jsr": {
    "@std/assert@1.0.16": {
      "integrity": "6a7272ed1eaa77defe76e5ff63ca705d9c495077e2d5fd0126d2b53fc5bd6532",
      "dependencies": [
        "jsr:@std/internal"
      ]
    },
    "@std/internal@1.0.12": {
      "integrity": "972a634fd5bc34b242024402972cd5143eac68d8dffaca5eaa4dba30ce17b027"
    }
  },
  "npm": {
    "@electric-sql/pglite@0.3.14": {
      "integrity": "sha512-3DB258dhqdsArOI1fIt7cb9RpUOgcDg5hXWVgVHAeqVQ/qxtFy605QKs4gx6mFq3jWsSPqDN8TgSEsqC3OfV9Q=="
    },
    "drizzle-orm@0.45.1_@electric-sql+pglite@0.3.14_postgres@3.4.8": {
      "integrity": "sha512-Te0FOdKIistGNPMq2jscdqngBRfBpC8uMFVwqjf6gtTVJHIQ/dosgV/CLBU2N4ZJBsXL5savCba9b0YJskKdcA==",
      "dependencies": [
        "@electric-sql/pglite",
        "postgres"
      ],
      "optionalPeers": [
        "@electric-sql/pglite",
        "postgres"
      ]
    },
    "drizzle-zod@0.8.3_drizzle-orm@0.45.1__@electric-sql+pglite@0.3.14__postgres@3.4.8_zod@4.3.5_@electric-sql+pglite@0.3.14_postgres@3.4.8": {
      "integrity": "sha512-66yVOuvGhKJnTdiqj1/Xaaz9/qzOdRJADpDa68enqS6g3t0kpNkwNYjUuaeXgZfO/UWuIM9HIhSlJ6C5ZraMww==",
      "dependencies": [
        "drizzle-orm",
        "zod"
      ]
    },
    "postgres@3.4.8": {
      "integrity": "sha512-d+JFcLM17njZaOLkv6SCev7uoLaBtfK86vMUXhW1Z4glPWh4jozno9APvW/XKFJ3CCxVoC7OL38BqRydtu5nGg=="
    },
    "zod@4.3.5": {
      "integrity": "sha512-k7Nwx6vuWx1IJ9Bjuf4Zt1PEllcwe7cls3VNzm4CQ1/hgtFUK2bRNG3rvnpPUhFjmqJKAKtjV576KnUkHocg/g=="
    }
  },
  "workspace": {
    "dependencies": [
      "npm:@electric-sql/pglite@~0.3.14",
      "npm:drizzle-orm@~0.45.1",
      "npm:drizzle-zod@~0.8.3",
      "npm:postgres@^3.4.8",
      "npm:zod@^4.3.5"
    ]
  }
}
