{
  "version": "5",
  "specifiers": {
    "npm:@electric-sql/pglite@0.2.15": "0.2.15",
    "npm:drizzle-orm@0.38.3": "0.38.3_@electric-sql+pglite@0.2.15"
  },
  "npm": {
    "@electric-sql/pglite@0.2.15": {
      "integrity": "sha512-Jiq31Dnk+rg8rMhcSxs4lQvHTyizNo5b269c1gCC3ldQ0sCLrNVPGzy+KnmonKy1ZArTUuXZf23/UamzFMKVaA=="
    },
    "drizzle-orm@0.38.3_@electric-sql+pglite@0.2.15": {
      "integrity": "sha512-w41Y+PquMpSff/QDRGdItG0/aWca+/J3Sda9PPGkTxBtjWQvgU1jxlFBXdjog5tYvTu58uvi3PwR1NuCx0KeZg==",
      "dependencies": [
        "@electric-sql/pglite"
      ],
      "optionalPeers": [
        "@electric-sql/pglite"
      ]
    }
  },
  "workspace": {
    "dependencies": [
      "npm:@electric-sql/pglite@0.2.15",
      "npm:drizzle-orm@0.38.3"
    ]
  }
}
